Microsoft Visual Studio Solution File, Format Version 12.00
# Visual Studio Version 17
VisualStudioVersion = 17.9.34616.47
MinimumVisualStudioVersion = 10.0.40219.1
Project("{9A19103F-16F7-4668-BE54-9A1E7A4F7556}") = "API", "API.csproj", "{30114DDC-68C8-42A7-A44E-2720EBB3A3C5}"
EndProject
Project("{9A19103F-16F7-4668-BE54-9A1E7A4F7556}") = "DAL", "DAL\DAL.csproj", "{D51C16D5-A0F6-4525-82A2-FB062AB5919C}"
EndProject
Project("{9A19103F-16F7-4668-BE54-9A1E7A4F7556}") = "Domain", "Domain\Domain.csproj", "{6CA1C224-536E-4C39-BC34-44CE04EA7707}"
EndProject
Global
	GlobalSection(SolutionConfigurationPlatforms) = preSolution
		Debug|Any CPU = Debug|Any CPU
		Release|Any CPU = Release|Any CPU
	EndGlobalSection
	GlobalSection(ProjectConfigurationPlatforms) = postSolution
		{30114DDC-68C8-42A7-A44E-2720EBB3A3C5}.Debug|Any CPU.ActiveCfg = Debug|Any CPU
		{30114DDC-68C8-42A7-A44E-2720EBB3A3C5}.Debug|Any CPU.Build.0 = Debug|Any CPU
		{30114DDC-68C8-42A7-A44E-2720EBB3A3C5}.Release|Any CPU.ActiveCfg = Release|Any CPU
		{30114DDC-68C8-42A7-A44E-2720EBB3A3C5}.Release|Any CPU.Build.0 = Release|Any CPU
		{D51C16D5-A0F6-4525-82A2-FB062AB5919C}.Debug|Any CPU.ActiveCfg = Debug|Any CPU
		{D51C16D5-A0F6-4525-82A2-FB062AB5919C}.Debug|Any CPU.Build.0 = Debug|Any CPU
		{D51C16D5-A0F6-4525-82A2-FB062AB5919C}.Release|Any CPU.ActiveCfg = Release|Any CPU
		{D51C16D5-A0F6-4525-82A2-FB062AB5919C}.Release|Any CPU.Build.0 = Release|Any CPU
		{6CA1C224-536E-4C39-BC34-44CE04EA7707}.Debug|Any CPU.ActiveCfg = Debug|Any CPU
		{6CA1C224-536E-4C39-BC34-44CE04EA7707}.Debug|Any CPU.Build.0 = Debug|Any CPU
		{6CA1C224-536E-4C39-BC34-44CE04EA7707}.Release|Any CPU.ActiveCfg = Release|Any CPU
		{6CA1C224-536E-4C39-BC34-44CE04EA7707}.Release|Any CPU.Build.0 = Release|Any CPU
	EndGlobalSection
	GlobalSection(SolutionProperties) = preSolution
		HideSolutionNode = FALSE
	EndGlobalSection
	GlobalSection(ExtensibilityGlobals) = postSolution
		SolutionGuid = {F8587F03-E2C0-4998-B3D7-BF7C201F1E49}
	EndGlobalSection
EndGlobal
